// !$*UTF8*$!
{
	archiveVersion = 1;
	classes = {
	};
	objectVersion = 56;
	objects = {

/* Begin PBXBuildFile section */
		7E4DB2612A59E5A20047132A /* MeshComponent.cpp in Sources */ = {isa = PBXBuildFile; fileRef = 7E4DB2392A59E5A00047132A /* MeshComponent.cpp */; };
		7E4DB2622A59E5A20047132A /* Shader.cpp in Sources */ = {isa = PBXBuildFile; fileRef = 7E4DB1F22A59E59E0047132A /* Shader.cpp */; };
		7E4DB2632A59E5A20047132A /* Bone.cpp in Sources */ = {isa = PBXBuildFile; fileRef = 7E4DB2382A59E59F0047132A /* Bone.cpp */; };
		7E4DB2642A59E5A20047132A /* Texture.cpp in Sources */ = {isa = PBXBuildFile; fileRef = 7E4DB23F2A59E5A00047132A /* Texture.cpp */; };
		7E4DB2652A59E5A20047132A /* ColliderComponent.cpp in Sources */ = {isa = PBXBuildFile; fileRef = 7E4DB2312A59E59F0047132A /* ColliderComponent.cpp */; };
		7E4DB2662A59E5A20047132A /* Math.cpp in Sources */ = {isa = PBXBuildFile; fileRef = 7E4DB23C2A59E5A00047132A /* Math.cpp */; };
		7E4DB26A2A59E5A20047132A /* FollowCamera.cpp in Sources */ = {isa = PBXBuildFile; fileRef = 7E4DB23D2A59E5A00047132A /* FollowCamera.cpp */; };
		7E4DB26B2A59E5A20047132A /* InputSystem.cpp in Sources */ = {isa = PBXBuildFile; fileRef = 7E4DB2022A59E59E0047132A /* InputSystem.cpp */; };
		7E4DB26C2A59E5A20047132A /* ParticleComponent.cpp in Sources */ = {isa = PBXBuildFile; fileRef = 7E4DB24C2A59E5A10047132A /* ParticleComponent.cpp */; };
		7E4DB26D2A59E5A20047132A /* CameraComponent.cpp in Sources */ = {isa = PBXBuildFile; fileRef = 7E4DB2432A59E5A00047132A /* CameraComponent.cpp */; };
		7E4DB26E2A59E5A20047132A /* SpriteComponent.cpp in Sources */ = {isa = PBXBuildFile; fileRef = 7E4DB2442A59E5A00047132A /* SpriteComponent.cpp */; };
		7E4DB26F2A59E5A20047132A /* VertexArray.cpp in Sources */ = {isa = PBXBuildFile; fileRef = 7E4DB1FE2A59E59E0047132A /* VertexArray.cpp */; };
		7E4DB2702A59E5A20047132A /* Component.cpp in Sources */ = {isa = PBXBuildFile; fileRef = 7E4DB2542A59E5A10047132A /* Component.cpp */; };
		7E4DB2712A59E5A20047132A /* DebuggerComponent.cpp in Sources */ = {isa = PBXBuildFile; fileRef = 7E4DB2342A59E59F0047132A /* DebuggerComponent.cpp */; };
		7E4DB2722A59E5A20047132A /* SkeletalMeshComponent.cpp in Sources */ = {isa = PBXBuildFile; fileRef = 7E4DB2572A59E5A20047132A /* SkeletalMeshComponent.cpp */; };
		7E4DB2732A59E5A20047132A /* BoundingVolumeComponent.cpp in Sources */ = {isa = PBXBuildFile; fileRef = 7E4DB2532A59E5A10047132A /* BoundingVolumeComponent.cpp */; };
		7E4DB2742A59E5A20047132A /* PhysWorld.cpp in Sources */ = {isa = PBXBuildFile; fileRef = 7E4DB24F2A59E5A10047132A /* PhysWorld.cpp */; };
		7E4DB2752A59E5A20047132A /* Actor.cpp in Sources */ = {isa = PBXBuildFile; fileRef = 7E4DB2012A59E59E0047132A /* Actor.cpp */; };
		7E4DB2762A59E5A20047132A /* Application.cpp in Sources */ = {isa = PBXBuildFile; fileRef = 7E4DB2332A59E59F0047132A /* Application.cpp */; };
		7E4DB2772A59E5A20047132A /* MoveComponent.cpp in Sources */ = {isa = PBXBuildFile; fileRef = 7E4DB25F2A59E5A20047132A /* MoveComponent.cpp */; };
		7E4DB27A2A59E5A20047132A /* Renderer.cpp in Sources */ = {isa = PBXBuildFile; fileRef = 7E4DB2032A59E59E0047132A /* Renderer.cpp */; };
		7E4DB27B2A59E5A20047132A /* Polygon.cpp in Sources */ = {isa = PBXBuildFile; fileRef = 7E4DB2502A59E5A10047132A /* Polygon.cpp */; };
		7E4DB27C2A59E5A20047132A /* Mesh.cpp in Sources */ = {isa = PBXBuildFile; fileRef = 7E4DB2372A59E59F0047132A /* Mesh.cpp */; };
		7E4DB2802A59E5F30047132A /* OpenGL.framework in Frameworks */ = {isa = PBXBuildFile; fileRef = 7E4DB27F2A59E5F30047132A /* OpenGL.framework */; };
		7E4DB2832A5A50EE0047132A /* Stage.cpp in Sources */ = {isa = PBXBuildFile; fileRef = 7E4DB2812A5A50EE0047132A /* Stage.cpp */; };
		7E4DB2862A5A724B0047132A /* TitleStage.cpp in Sources */ = {isa = PBXBuildFile; fileRef = 7E4DB2842A5A724B0047132A /* TitleStage.cpp */; };
		7E5D43EB2A5EB0A100920241 /* main.cpp in Sources */ = {isa = PBXBuildFile; fileRef = 7E5D43EA2A5EB0A100920241 /* main.cpp */; };
		7E5D43EE2A5FFF1A00920241 /* DragonActor.cpp in Sources */ = {isa = PBXBuildFile; fileRef = 7E5D43EC2A5FFF1A00920241 /* DragonActor.cpp */; };
		7E6970332A5AD51400E61630 /* PlaneActor.cpp in Sources */ = {isa = PBXBuildFile; fileRef = 7E6970312A5AD51400E61630 /* PlaneActor.cpp */; };
		7EA398BD2A629DDB00856DB1 /* CloudBGActor.cpp in Sources */ = {isa = PBXBuildFile; fileRef = 7EA398BB2A629DDB00856DB1 /* CloudBGActor.cpp */; };
		7EA398C02A62D62900856DB1 /* ObjectActor.cpp in Sources */ = {isa = PBXBuildFile; fileRef = 7EA398BE2A62D62900856DB1 /* ObjectActor.cpp */; };
		7EA398C32A62D96B00856DB1 /* UfoEnemy.cpp in Sources */ = {isa = PBXBuildFile; fileRef = 7EA398C12A62D96B00856DB1 /* UfoEnemy.cpp */; };
		7EA398CA2A64530700856DB1 /* MoaiEnemy.cpp in Sources */ = {isa = PBXBuildFile; fileRef = 7EA398C82A64530700856DB1 /* MoaiEnemy.cpp */; };
		7EA398CD2A64565600856DB1 /* ShipEnemy.cpp in Sources */ = {isa = PBXBuildFile; fileRef = 7EA398CB2A64565600856DB1 /* ShipEnemy.cpp */; };
		7EA398D02A652CD800856DB1 /* LaserActor.cpp in Sources */ = {isa = PBXBuildFile; fileRef = 7EA398CE2A652CD800856DB1 /* LaserActor.cpp */; };
		7EA398D42A654D3F00856DB1 /* BillBoardComponent.cpp in Sources */ = {isa = PBXBuildFile; fileRef = 7EA398D32A654D3F00856DB1 /* BillBoardComponent.cpp */; };
		7EA4AA1C2A5AB2BF0046934E /* CloudStage.cpp in Sources */ = {isa = PBXBuildFile; fileRef = 7EA4AA1A2A5AB2BF0046934E /* CloudStage.cpp */; };
/* End PBXBuildFile section */

/* Begin PBXCopyFilesBuildPhase section */
		7E4DB1E62A59E5850047132A /* CopyFiles */ = {
			isa = PBXCopyFilesBuildPhase;
			buildActionMask = 2147483647;
			dstPath = /usr/share/man/man1/;
			dstSubfolderSpec = 0;
			files = (
			);
			runOnlyForDeploymentPostprocessing = 1;
		};
/* End PBXCopyFilesBuildPhase section */

/* Begin PBXFileReference section */
		7E4DB1E82A59E5850047132A /* prj_luna */ = {isa = PBXFileReference; explicitFileType = "compiled.mach-o.executable"; includeInIndex = 0; path = prj_luna; sourceTree = BUILT_PRODUCTS_DIR; };
		7E4DB1F22A59E59E0047132A /* Shader.cpp */ = {isa = PBXFileReference; lastKnownFileType = sourcecode.cpp.cpp; path = Shader.cpp; sourceTree = "<group>"; };
		7E4DB1F42A59E59E0047132A /* Phong.frag */ = {isa = PBXFileReference; lastKnownFileType = sourcecode.glsl; path = Phong.frag; sourceTree = "<group>"; };
		7E4DB1F52A59E59E0047132A /* BasicMesh.vert */ = {isa = PBXFileReference; lastKnownFileType = sourcecode.glsl; path = BasicMesh.vert; sourceTree = "<group>"; };
		7E4DB1F62A59E59E0047132A /* Particle.frag */ = {isa = PBXFileReference; lastKnownFileType = sourcecode.glsl; path = Particle.frag; sourceTree = "<group>"; };
		7E4DB1F72A59E59E0047132A /* Sprite.vert */ = {isa = PBXFileReference; lastKnownFileType = sourcecode.glsl; path = Sprite.vert; sourceTree = "<group>"; };
		7E4DB1F82A59E59E0047132A /* Billboard.vert */ = {isa = PBXFileReference; lastKnownFileType = sourcecode.glsl; path = Billboard.vert; sourceTree = "<group>"; };
		7E4DB1F92A59E59E0047132A /* BasicMesh.frag */ = {isa = PBXFileReference; lastKnownFileType = sourcecode.glsl; path = BasicMesh.frag; sourceTree = "<group>"; };
		7E4DB1FA2A59E59E0047132A /* Phong.vert */ = {isa = PBXFileReference; lastKnownFileType = sourcecode.glsl; path = Phong.vert; sourceTree = "<group>"; };
		7E4DB1FB2A59E59E0047132A /* Skinned.vert */ = {isa = PBXFileReference; lastKnownFileType = sourcecode.glsl; path = Skinned.vert; sourceTree = "<group>"; };
		7E4DB1FC2A59E59E0047132A /* Sprite.frag */ = {isa = PBXFileReference; lastKnownFileType = sourcecode.glsl; path = Sprite.frag; sourceTree = "<group>"; };
		7E4DB1FD2A59E59E0047132A /* MoveComponent.h */ = {isa = PBXFileReference; lastKnownFileType = sourcecode.c.h; path = MoveComponent.h; sourceTree = "<group>"; };
		7E4DB1FE2A59E59E0047132A /* VertexArray.cpp */ = {isa = PBXFileReference; lastKnownFileType = sourcecode.cpp.cpp; path = VertexArray.cpp; sourceTree = "<group>"; };
		7E4DB2002A59E59E0047132A /* ColliderComponent.h */ = {isa = PBXFileReference; lastKnownFileType = sourcecode.c.h; path = ColliderComponent.h; sourceTree = "<group>"; };
		7E4DB2012A59E59E0047132A /* Actor.cpp */ = {isa = PBXFileReference; lastKnownFileType = sourcecode.cpp.cpp; path = Actor.cpp; sourceTree = "<group>"; };
		7E4DB2022A59E59E0047132A /* InputSystem.cpp */ = {isa = PBXFileReference; lastKnownFileType = sourcecode.cpp.cpp; path = InputSystem.cpp; sourceTree = "<group>"; };
		7E4DB2032A59E59E0047132A /* Renderer.cpp */ = {isa = PBXFileReference; lastKnownFileType = sourcecode.cpp.cpp; path = Renderer.cpp; sourceTree = "<group>"; };
		7E4DB22F2A59E59F0047132A /* Renderer.h */ = {isa = PBXFileReference; lastKnownFileType = sourcecode.c.h; path = Renderer.h; sourceTree = "<group>"; };
		7E4DB2302A59E59F0047132A /* Animation.h */ = {isa = PBXFileReference; lastKnownFileType = sourcecode.c.h; path = Animation.h; sourceTree = "<group>"; };
		7E4DB2312A59E59F0047132A /* ColliderComponent.cpp */ = {isa = PBXFileReference; lastKnownFileType = sourcecode.cpp.cpp; path = ColliderComponent.cpp; sourceTree = "<group>"; };
		7E4DB2322A59E59F0047132A /* Shader.h */ = {isa = PBXFileReference; lastKnownFileType = sourcecode.c.h; path = Shader.h; sourceTree = "<group>"; };
		7E4DB2332A59E59F0047132A /* Application.cpp */ = {isa = PBXFileReference; lastKnownFileType = sourcecode.cpp.cpp; path = Application.cpp; sourceTree = "<group>"; };
		7E4DB2342A59E59F0047132A /* DebuggerComponent.cpp */ = {isa = PBXFileReference; lastKnownFileType = sourcecode.cpp.cpp; path = DebuggerComponent.cpp; sourceTree = "<group>"; };
		7E4DB2352A59E59F0047132A /* CameraComponent.h */ = {isa = PBXFileReference; lastKnownFileType = sourcecode.c.h; path = CameraComponent.h; sourceTree = "<group>"; };
		7E4DB2372A59E59F0047132A /* Mesh.cpp */ = {isa = PBXFileReference; lastKnownFileType = sourcecode.cpp.cpp; path = Mesh.cpp; sourceTree = "<group>"; };
		7E4DB2382A59E59F0047132A /* Bone.cpp */ = {isa = PBXFileReference; lastKnownFileType = sourcecode.cpp.cpp; path = Bone.cpp; sourceTree = "<group>"; };
		7E4DB2392A59E5A00047132A /* MeshComponent.cpp */ = {isa = PBXFileReference; lastKnownFileType = sourcecode.cpp.cpp; path = MeshComponent.cpp; sourceTree = "<group>"; };
		7E4DB23A2A59E5A00047132A /* Texture.h */ = {isa = PBXFileReference; lastKnownFileType = sourcecode.c.h; path = Texture.h; sourceTree = "<group>"; };
		7E4DB23B2A59E5A00047132A /* Application.h */ = {isa = PBXFileReference; lastKnownFileType = sourcecode.c.h; path = Application.h; sourceTree = "<group>"; };
		7E4DB23C2A59E5A00047132A /* Math.cpp */ = {isa = PBXFileReference; lastKnownFileType = sourcecode.cpp.cpp; path = Math.cpp; sourceTree = "<group>"; };
		7E4DB23D2A59E5A00047132A /* FollowCamera.cpp */ = {isa = PBXFileReference; lastKnownFileType = sourcecode.cpp.cpp; path = FollowCamera.cpp; sourceTree = "<group>"; };
		7E4DB23E2A59E5A00047132A /* PhysWorld.h */ = {isa = PBXFileReference; lastKnownFileType = sourcecode.c.h; path = PhysWorld.h; sourceTree = "<group>"; };
		7E4DB23F2A59E5A00047132A /* Texture.cpp */ = {isa = PBXFileReference; lastKnownFileType = sourcecode.cpp.cpp; path = Texture.cpp; sourceTree = "<group>"; };
		7E4DB2402A59E5A00047132A /* Polygon.h */ = {isa = PBXFileReference; lastKnownFileType = sourcecode.c.h; path = Polygon.h; sourceTree = "<group>"; };
		7E4DB2412A59E5A00047132A /* Math.h */ = {isa = PBXFileReference; lastKnownFileType = sourcecode.c.h; path = Math.h; sourceTree = "<group>"; };
		7E4DB2432A59E5A00047132A /* CameraComponent.cpp */ = {isa = PBXFileReference; lastKnownFileType = sourcecode.cpp.cpp; path = CameraComponent.cpp; sourceTree = "<group>"; };
		7E4DB2442A59E5A00047132A /* SpriteComponent.cpp */ = {isa = PBXFileReference; lastKnownFileType = sourcecode.cpp.cpp; path = SpriteComponent.cpp; sourceTree = "<group>"; };
		7E4DB2452A59E5A00047132A /* Component.h */ = {isa = PBXFileReference; lastKnownFileType = sourcecode.c.h; path = Component.h; sourceTree = "<group>"; };
		7E4DB2482A59E5A10047132A /* Mesh.h */ = {isa = PBXFileReference; lastKnownFileType = sourcecode.c.h; path = Mesh.h; sourceTree = "<group>"; };
		7E4DB24A2A59E5A10047132A /* Bone.h */ = {isa = PBXFileReference; lastKnownFileType = sourcecode.c.h; path = Bone.h; sourceTree = "<group>"; };
		7E4DB24B2A59E5A10047132A /* MeshComponent.h */ = {isa = PBXFileReference; lastKnownFileType = sourcecode.c.h; path = MeshComponent.h; sourceTree = "<group>"; };
		7E4DB24C2A59E5A10047132A /* ParticleComponent.cpp */ = {isa = PBXFileReference; lastKnownFileType = sourcecode.cpp.cpp; path = ParticleComponent.cpp; sourceTree = "<group>"; };
		7E4DB24D2A59E5A10047132A /* DebuggerComponent.h */ = {isa = PBXFileReference; lastKnownFileType = sourcecode.c.h; path = DebuggerComponent.h; sourceTree = "<group>"; };
		7E4DB24E2A59E5A10047132A /* BoundingVolumeComponent.h */ = {isa = PBXFileReference; lastKnownFileType = sourcecode.c.h; path = BoundingVolumeComponent.h; sourceTree = "<group>"; };
		7E4DB24F2A59E5A10047132A /* PhysWorld.cpp */ = {isa = PBXFileReference; lastKnownFileType = sourcecode.cpp.cpp; path = PhysWorld.cpp; sourceTree = "<group>"; };
		7E4DB2502A59E5A10047132A /* Polygon.cpp */ = {isa = PBXFileReference; lastKnownFileType = sourcecode.cpp.cpp; path = Polygon.cpp; sourceTree = "<group>"; };
		7E4DB2512A59E5A10047132A /* SkeletalMeshComponent.h */ = {isa = PBXFileReference; lastKnownFileType = sourcecode.c.h; path = SkeletalMeshComponent.h; sourceTree = "<group>"; };
		7E4DB2522A59E5A10047132A /* SpriteComponent.h */ = {isa = PBXFileReference; lastKnownFileType = sourcecode.c.h; path = SpriteComponent.h; sourceTree = "<group>"; };
		7E4DB2532A59E5A10047132A /* BoundingVolumeComponent.cpp */ = {isa = PBXFileReference; lastKnownFileType = sourcecode.cpp.cpp; path = BoundingVolumeComponent.cpp; sourceTree = "<group>"; };
		7E4DB2542A59E5A10047132A /* Component.cpp */ = {isa = PBXFileReference; lastKnownFileType = sourcecode.cpp.cpp; path = Component.cpp; sourceTree = "<group>"; };
		7E4DB2552A59E5A10047132A /* FollowCamera.h */ = {isa = PBXFileReference; lastKnownFileType = sourcecode.c.h; path = FollowCamera.h; sourceTree = "<group>"; };
		7E4DB2562A59E5A10047132A /* ParticleComponent.h */ = {isa = PBXFileReference; lastKnownFileType = sourcecode.c.h; path = ParticleComponent.h; sourceTree = "<group>"; };
		7E4DB2572A59E5A20047132A /* SkeletalMeshComponent.cpp */ = {isa = PBXFileReference; lastKnownFileType = sourcecode.cpp.cpp; path = SkeletalMeshComponent.cpp; sourceTree = "<group>"; };
		7E4DB25B2A59E5A20047132A /* Actor.h */ = {isa = PBXFileReference; lastKnownFileType = sourcecode.c.h; path = Actor.h; sourceTree = "<group>"; };
		7E4DB25C2A59E5A20047132A /* VertexArray.h */ = {isa = PBXFileReference; lastKnownFileType = sourcecode.c.h; path = VertexArray.h; sourceTree = "<group>"; };
		7E4DB25F2A59E5A20047132A /* MoveComponent.cpp */ = {isa = PBXFileReference; lastKnownFileType = sourcecode.cpp.cpp; path = MoveComponent.cpp; sourceTree = "<group>"; };
		7E4DB2602A59E5A20047132A /* InputSystem.h */ = {isa = PBXFileReference; lastKnownFileType = sourcecode.c.h; path = InputSystem.h; sourceTree = "<group>"; };
		7E4DB27F2A59E5F30047132A /* OpenGL.framework */ = {isa = PBXFileReference; lastKnownFileType = wrapper.framework; name = OpenGL.framework; path = System/Library/Frameworks/OpenGL.framework; sourceTree = SDKROOT; };
		7E4DB2812A5A50EE0047132A /* Stage.cpp */ = {isa = PBXFileReference; lastKnownFileType = sourcecode.cpp.cpp; path = Stage.cpp; sourceTree = "<group>"; };
		7E4DB2822A5A50EE0047132A /* Stage.h */ = {isa = PBXFileReference; lastKnownFileType = sourcecode.c.h; path = Stage.h; sourceTree = "<group>"; };
		7E4DB2842A5A724B0047132A /* TitleStage.cpp */ = {isa = PBXFileReference; lastKnownFileType = sourcecode.cpp.cpp; path = TitleStage.cpp; sourceTree = "<group>"; };
		7E4DB2852A5A724B0047132A /* TitleStage.h */ = {isa = PBXFileReference; lastKnownFileType = sourcecode.c.h; path = TitleStage.h; sourceTree = "<group>"; };
		7E5D43EA2A5EB0A100920241 /* main.cpp */ = {isa = PBXFileReference; lastKnownFileType = sourcecode.cpp.cpp; path = main.cpp; sourceTree = "<group>"; };
		7E5D43EC2A5FFF1A00920241 /* DragonActor.cpp */ = {isa = PBXFileReference; lastKnownFileType = sourcecode.cpp.cpp; path = DragonActor.cpp; sourceTree = "<group>"; };
		7E5D43ED2A5FFF1A00920241 /* DragonActor.h */ = {isa = PBXFileReference; lastKnownFileType = sourcecode.c.h; path = DragonActor.h; sourceTree = "<group>"; };
		7E6970312A5AD51400E61630 /* PlaneActor.cpp */ = {isa = PBXFileReference; lastKnownFileType = sourcecode.cpp.cpp; path = PlaneActor.cpp; sourceTree = "<group>"; };
		7E6970322A5AD51400E61630 /* PlaneActor.h */ = {isa = PBXFileReference; lastKnownFileType = sourcecode.c.h; path = PlaneActor.h; sourceTree = "<group>"; };
		7E6970372A5C1FA400E61630 /* Toon.frag */ = {isa = PBXFileReference; lastKnownFileType = sourcecode.glsl; path = Toon.frag; sourceTree = "<group>"; };
		7EA398B92A628ED000856DB1 /* BillboardComponent.h */ = {isa = PBXFileReference; lastKnownFileType = sourcecode.c.h; path = BillboardComponent.h; sourceTree = "<group>"; };
		7EA398BB2A629DDB00856DB1 /* CloudBGActor.cpp */ = {isa = PBXFileReference; lastKnownFileType = sourcecode.cpp.cpp; path = CloudBGActor.cpp; sourceTree = "<group>"; };
		7EA398BC2A629DDB00856DB1 /* CloudBGActor.h */ = {isa = PBXFileReference; lastKnownFileType = sourcecode.c.h; path = CloudBGActor.h; sourceTree = "<group>"; };
		7EA398BE2A62D62900856DB1 /* ObjectActor.cpp */ = {isa = PBXFileReference; lastKnownFileType = sourcecode.cpp.cpp; path = ObjectActor.cpp; sourceTree = "<group>"; };
		7EA398BF2A62D62900856DB1 /* ObjectActor.h */ = {isa = PBXFileReference; lastKnownFileType = sourcecode.c.h; path = ObjectActor.h; sourceTree = "<group>"; };
		7EA398C12A62D96B00856DB1 /* UfoEnemy.cpp */ = {isa = PBXFileReference; lastKnownFileType = sourcecode.cpp.cpp; path = UfoEnemy.cpp; sourceTree = "<group>"; };
		7EA398C22A62D96B00856DB1 /* UfoEnemy.h */ = {isa = PBXFileReference; lastKnownFileType = sourcecode.c.h; path = UfoEnemy.h; sourceTree = "<group>"; };
		7EA398C42A63188800856DB1 /* Billboard.frag */ = {isa = PBXFileReference; lastKnownFileType = sourcecode.glsl; path = Billboard.frag; sourceTree = "<group>"; };
		7EA398C82A64530700856DB1 /* MoaiEnemy.cpp */ = {isa = PBXFileReference; lastKnownFileType = sourcecode.cpp.cpp; path = MoaiEnemy.cpp; sourceTree = "<group>"; };
		7EA398C92A64530700856DB1 /* MoaiEnemy.h */ = {isa = PBXFileReference; lastKnownFileType = sourcecode.c.h; path = MoaiEnemy.h; sourceTree = "<group>"; };
		7EA398CB2A64565600856DB1 /* ShipEnemy.cpp */ = {isa = PBXFileReference; lastKnownFileType = sourcecode.cpp.cpp; path = ShipEnemy.cpp; sourceTree = "<group>"; };
		7EA398CC2A64565600856DB1 /* ShipEnemy.h */ = {isa = PBXFileReference; lastKnownFileType = sourcecode.c.h; path = ShipEnemy.h; sourceTree = "<group>"; };
		7EA398CE2A652CD800856DB1 /* LaserActor.cpp */ = {isa = PBXFileReference; lastKnownFileType = sourcecode.cpp.cpp; path = LaserActor.cpp; sourceTree = "<group>"; };
		7EA398CF2A652CD800856DB1 /* LaserActor.h */ = {isa = PBXFileReference; lastKnownFileType = sourcecode.c.h; path = LaserActor.h; sourceTree = "<group>"; };
		7EA398D32A654D3F00856DB1 /* BillBoardComponent.cpp */ = {isa = PBXFileReference; lastKnownFileType = sourcecode.cpp.cpp; path = BillBoardComponent.cpp; sourceTree = "<group>"; };
		7EA4AA1A2A5AB2BF0046934E /* CloudStage.cpp */ = {isa = PBXFileReference; lastKnownFileType = sourcecode.cpp.cpp; path = CloudStage.cpp; sourceTree = "<group>"; };
		7EA4AA1B2A5AB2BF0046934E /* CloudStage.h */ = {isa = PBXFileReference; lastKnownFileType = sourcecode.c.h; path = CloudStage.h; sourceTree = "<group>"; };
/* End PBXFileReference section */

/* Begin PBXFrameworksBuildPhase section */
		7E4DB1E52A59E5850047132A /* Frameworks */ = {
			isa = PBXFrameworksBuildPhase;
			buildActionMask = 2147483647;
			files = (
				7E4DB2802A59E5F30047132A /* OpenGL.framework in Frameworks */,
			);
			runOnlyForDeploymentPostprocessing = 0;
		};
/* End PBXFrameworksBuildPhase section */

/* Begin PBXGroup section */
		7E4DB1DF2A59E5850047132A = {
			isa = PBXGroup;
			children = (
				7E4DB1EA2A59E5850047132A /* prj_luna */,
				7E4DB1E92A59E5850047132A /* Products */,
				7E4DB27E2A59E5F30047132A /* Frameworks */,
			);
			sourceTree = "<group>";
		};
		7E4DB1E92A59E5850047132A /* Products */ = {
			isa = PBXGroup;
			children = (
				7E4DB1E82A59E5850047132A /* prj_luna */,
			);
			name = Products;
			sourceTree = "<group>";
		};
		7E4DB1EA2A59E5850047132A /* prj_luna */ = {
			isa = PBXGroup;
			children = (
				7EA398B72A628A9900856DB1 /* Sys */,
				7EA398B62A627A3300856DB1 /* Actors */,
				7E6970342A5B8DCF00E61630 /* Stage */,
				7E6970362A5B945200E61630 /* libs */,
				7E6970352A5B926700E61630 /* Components */,
				7E4DB1F32A59E59E0047132A /* Shaders */,
				7E4DB2042A59E59F0047132A /* Assets */,
			);
			path = prj_luna;
			sourceTree = "<group>";
		};
		7E4DB1F32A59E59E0047132A /* Shaders */ = {
			isa = PBXGroup;
			children = (
				7E4DB1F42A59E59E0047132A /* Phong.frag */,
				7E4DB1F52A59E59E0047132A /* BasicMesh.vert */,
				7E4DB1F62A59E59E0047132A /* Particle.frag */,
				7E4DB1F72A59E59E0047132A /* Sprite.vert */,
				7E4DB1F92A59E59E0047132A /* BasicMesh.frag */,
				7E4DB1FA2A59E59E0047132A /* Phong.vert */,
				7E4DB1FB2A59E59E0047132A /* Skinned.vert */,
				7E4DB1FC2A59E59E0047132A /* Sprite.frag */,
				7E6970372A5C1FA400E61630 /* Toon.frag */,
				7E4DB1F82A59E59E0047132A /* Billboard.vert */,
				7EA398C42A63188800856DB1 /* Billboard.frag */,
			);
			path = Shaders;
			sourceTree = "<group>";
		};
		7E4DB2042A59E59F0047132A /* Assets */ = {
			isa = PBXGroup;
			children = (
			);
			path = Assets;
			sourceTree = "<group>";
		};
		7E4DB27E2A59E5F30047132A /* Frameworks */ = {
			isa = PBXGroup;
			children = (
				7E4DB27F2A59E5F30047132A /* OpenGL.framework */,
			);
			name = Frameworks;
			sourceTree = "<group>";
		};
		7E6970342A5B8DCF00E61630 /* Stage */ = {
			isa = PBXGroup;
			children = (
				7E4DB2812A5A50EE0047132A /* Stage.cpp */,
				7E4DB2822A5A50EE0047132A /* Stage.h */,
				7E4DB2842A5A724B0047132A /* TitleStage.cpp */,
				7E4DB2852A5A724B0047132A /* TitleStage.h */,
				7EA4AA1A2A5AB2BF0046934E /* CloudStage.cpp */,
				7EA4AA1B2A5AB2BF0046934E /* CloudStage.h */,
			);
			name = Stage;
			sourceTree = "<group>";
		};
		7E6970352A5B926700E61630 /* Components */ = {
			isa = PBXGroup;
			children = (
				7E4DB2532A59E5A10047132A /* BoundingVolumeComponent.cpp */,
				7E4DB24E2A59E5A10047132A /* BoundingVolumeComponent.h */,
				7E4DB2432A59E5A00047132A /* CameraComponent.cpp */,
				7E4DB2352A59E59F0047132A /* CameraComponent.h */,
				7E4DB2312A59E59F0047132A /* ColliderComponent.cpp */,
				7E4DB2002A59E59E0047132A /* ColliderComponent.h */,
				7E4DB2542A59E5A10047132A /* Component.cpp */,
				7E4DB2452A59E5A00047132A /* Component.h */,
				7E4DB2342A59E59F0047132A /* DebuggerComponent.cpp */,
				7E4DB24D2A59E5A10047132A /* DebuggerComponent.h */,
				7E4DB2392A59E5A00047132A /* MeshComponent.cpp */,
				7E4DB24B2A59E5A10047132A /* MeshComponent.h */,
				7E4DB25F2A59E5A20047132A /* MoveComponent.cpp */,
				7E4DB1FD2A59E59E0047132A /* MoveComponent.h */,
				7E4DB24C2A59E5A10047132A /* ParticleComponent.cpp */,
				7E4DB2562A59E5A10047132A /* ParticleComponent.h */,
				7E4DB2572A59E5A20047132A /* SkeletalMeshComponent.cpp */,
				7E4DB2512A59E5A10047132A /* SkeletalMeshComponent.h */,
				7E4DB2442A59E5A00047132A /* SpriteComponent.cpp */,
				7E4DB2522A59E5A10047132A /* SpriteComponent.h */,
				7E4DB2302A59E59F0047132A /* Animation.h */,
				7EA398D32A654D3F00856DB1 /* BillBoardComponent.cpp */,
				7EA398B92A628ED000856DB1 /* BillboardComponent.h */,
			);
			name = Components;
			sourceTree = "<group>";
		};
		7E6970362A5B945200E61630 /* libs */ = {
			isa = PBXGroup;
			children = (
				7E4DB2382A59E59F0047132A /* Bone.cpp */,
				7E4DB24A2A59E5A10047132A /* Bone.h */,
				7E4DB23C2A59E5A00047132A /* Math.cpp */,
				7E4DB2412A59E5A00047132A /* Math.h */,
				7E4DB24F2A59E5A10047132A /* PhysWorld.cpp */,
				7E4DB23E2A59E5A00047132A /* PhysWorld.h */,
				7E4DB2502A59E5A10047132A /* Polygon.cpp */,
				7E4DB2402A59E5A00047132A /* Polygon.h */,
				7E4DB1F22A59E59E0047132A /* Shader.cpp */,
				7E4DB2322A59E59F0047132A /* Shader.h */,
				7E4DB1FE2A59E59E0047132A /* VertexArray.cpp */,
				7E4DB25C2A59E5A20047132A /* VertexArray.h */,
				7E4DB2372A59E59F0047132A /* Mesh.cpp */,
				7E4DB2482A59E5A10047132A /* Mesh.h */,
				7E4DB23F2A59E5A00047132A /* Texture.cpp */,
				7E4DB23A2A59E5A00047132A /* Texture.h */,
			);
			name = libs;
			sourceTree = "<group>";
		};
		7EA398B62A627A3300856DB1 /* Actors */ = {
			isa = PBXGroup;
			children = (
				7E4DB25B2A59E5A20047132A /* Actor.h */,
				7E4DB2012A59E59E0047132A /* Actor.cpp */,
				7E6970312A5AD51400E61630 /* PlaneActor.cpp */,
				7E6970322A5AD51400E61630 /* PlaneActor.h */,
				7E5D43EC2A5FFF1A00920241 /* DragonActor.cpp */,
				7E5D43ED2A5FFF1A00920241 /* DragonActor.h */,
				7E4DB23D2A59E5A00047132A /* FollowCamera.cpp */,
				7E4DB2552A59E5A10047132A /* FollowCamera.h */,
				7EA398BB2A629DDB00856DB1 /* CloudBGActor.cpp */,
				7EA398BC2A629DDB00856DB1 /* CloudBGActor.h */,
				7EA398BE2A62D62900856DB1 /* ObjectActor.cpp */,
				7EA398BF2A62D62900856DB1 /* ObjectActor.h */,
				7EA398C12A62D96B00856DB1 /* UfoEnemy.cpp */,
				7EA398C22A62D96B00856DB1 /* UfoEnemy.h */,
				7EA398C82A64530700856DB1 /* MoaiEnemy.cpp */,
				7EA398C92A64530700856DB1 /* MoaiEnemy.h */,
				7EA398CB2A64565600856DB1 /* ShipEnemy.cpp */,
				7EA398CC2A64565600856DB1 /* ShipEnemy.h */,
				7EA398CE2A652CD800856DB1 /* LaserActor.cpp */,
				7EA398CF2A652CD800856DB1 /* LaserActor.h */,
			);
			name = Actors;
			sourceTree = "<group>";
		};
		7EA398B72A628A9900856DB1 /* Sys */ = {
			isa = PBXGroup;
			children = (
				7E4DB2032A59E59E0047132A /* Renderer.cpp */,
				7E4DB22F2A59E59F0047132A /* Renderer.h */,
				7E4DB2022A59E59E0047132A /* InputSystem.cpp */,
				7E4DB2602A59E5A20047132A /* InputSystem.h */,
				7E4DB2332A59E59F0047132A /* Application.cpp */,
				7E4DB23B2A59E5A00047132A /* Application.h */,
				7E5D43EA2A5EB0A100920241 /* main.cpp */,
			);
			name = Sys;
			sourceTree = "<group>";
		};
/* End PBXGroup section */

/* Begin PBXNativeTarget section */
		7E4DB1E72A59E5850047132A /* prj_luna */ = {
			isa = PBXNativeTarget;
			buildConfigurationList = 7E4DB1EF2A59E5850047132A /* Build configuration list for PBXNativeTarget "prj_luna" */;
			buildPhases = (
				7E4DB1E42A59E5850047132A /* Sources */,
				7E4DB1E52A59E5850047132A /* Frameworks */,
				7E4DB1E62A59E5850047132A /* CopyFiles */,
			);
			buildRules = (
			);
			dependencies = (
			);
			name = prj_luna;
			productName = prj_luna;
			productReference = 7E4DB1E82A59E5850047132A /* prj_luna */;
			productType = "com.apple.product-type.tool";
		};
/* End PBXNativeTarget section */

/* Begin PBXProject section */
		7E4DB1E02A59E5850047132A /* Project object */ = {
			isa = PBXProject;
			attributes = {
				BuildIndependentTargetsInParallel = 1;
				LastUpgradeCheck = 1430;
				TargetAttributes = {
					7E4DB1E72A59E5850047132A = {
						CreatedOnToolsVersion = 14.3.1;
					};
				};
			};
			buildConfigurationList = 7E4DB1E32A59E5850047132A /* Build configuration list for PBXProject "prj_luna" */;
			compatibilityVersion = "Xcode 14.0";
			developmentRegion = en;
			hasScannedForEncodings = 0;
			knownRegions = (
				en,
				Base,
			);
			mainGroup = 7E4DB1DF2A59E5850047132A;
			productRefGroup = 7E4DB1E92A59E5850047132A /* Products */;
			projectDirPath = "";
			projectRoot = "";
			targets = (
				7E4DB1E72A59E5850047132A /* prj_luna */,
			);
		};
/* End PBXProject section */

/* Begin PBXSourcesBuildPhase section */
		7E4DB1E42A59E5850047132A /* Sources */ = {
			isa = PBXSourcesBuildPhase;
			buildActionMask = 2147483647;
			files = (
				7EA398C02A62D62900856DB1 /* ObjectActor.cpp in Sources */,
				7E4DB2642A59E5A20047132A /* Texture.cpp in Sources */,
				7EA398CA2A64530700856DB1 /* MoaiEnemy.cpp in Sources */,
				7E4DB26B2A59E5A20047132A /* InputSystem.cpp in Sources */,
				7E4DB26E2A59E5A20047132A /* SpriteComponent.cpp in Sources */,
				7E4DB2752A59E5A20047132A /* Actor.cpp in Sources */,
				7E4DB2662A59E5A20047132A /* Math.cpp in Sources */,
				7EA398D02A652CD800856DB1 /* LaserActor.cpp in Sources */,
				7E4DB2712A59E5A20047132A /* DebuggerComponent.cpp in Sources */,
				7EA398BD2A629DDB00856DB1 /* CloudBGActor.cpp in Sources */,
				7E4DB2832A5A50EE0047132A /* Stage.cpp in Sources */,
				7E5D43EE2A5FFF1A00920241 /* DragonActor.cpp in Sources */,
				7E4DB27B2A59E5A20047132A /* Polygon.cpp in Sources */,
				7E4DB2722A59E5A20047132A /* SkeletalMeshComponent.cpp in Sources */,
				7E4DB2862A5A724B0047132A /* TitleStage.cpp in Sources */,
				7E4DB26C2A59E5A20047132A /* ParticleComponent.cpp in Sources */,
				7E4DB2652A59E5A20047132A /* ColliderComponent.cpp in Sources */,
				7E4DB2732A59E5A20047132A /* BoundingVolumeComponent.cpp in Sources */,
				7E4DB2762A59E5A20047132A /* Application.cpp in Sources */,
				7EA4AA1C2A5AB2BF0046934E /* CloudStage.cpp in Sources */,
				7E6970332A5AD51400E61630 /* PlaneActor.cpp in Sources */,
				7EA398D42A654D3F00856DB1 /* BillBoardComponent.cpp in Sources */,
				7E4DB26A2A59E5A20047132A /* FollowCamera.cpp in Sources */,
				7E4DB2612A59E5A20047132A /* MeshComponent.cpp in Sources */,
				7E5D43EB2A5EB0A100920241 /* main.cpp in Sources */,
				7E4DB2632A59E5A20047132A /* Bone.cpp in Sources */,
				7E4DB27A2A59E5A20047132A /* Renderer.cpp in Sources */,
				7E4DB2622A59E5A20047132A /* Shader.cpp in Sources */,
				7E4DB2742A59E5A20047132A /* PhysWorld.cpp in Sources */,
				7E4DB26F2A59E5A20047132A /* VertexArray.cpp in Sources */,
				7E4DB2772A59E5A20047132A /* MoveComponent.cpp in Sources */,
				7EA398C32A62D96B00856DB1 /* UfoEnemy.cpp in Sources */,
				7E4DB26D2A59E5A20047132A /* CameraComponent.cpp in Sources */,
				7EA398CD2A64565600856DB1 /* ShipEnemy.cpp in Sources */,
				7E4DB2702A59E5A20047132A /* Component.cpp in Sources */,
				7E4DB27C2A59E5A20047132A /* Mesh.cpp in Sources */,
			);
			runOnlyForDeploymentPostprocessing = 0;
		};
/* End PBXSourcesBuildPhase section */

/* Begin XCBuildConfiguration section */
		7E4DB1ED2A59E5850047132A /* Debug */ = {
			isa = XCBuildConfiguration;
			buildSettings = {
				ALWAYS_SEARCH_USER_PATHS = NO;
				CLANG_ANALYZER_NONNULL = YES;
				CLANG_ANALYZER_NUMBER_OBJECT_CONVERSION = YES_AGGRESSIVE;
				CLANG_CXX_LANGUAGE_STANDARD = "gnu++20";
				CLANG_ENABLE_MODULES = YES;
				CLANG_ENABLE_OBJC_ARC = YES;
				CLANG_ENABLE_OBJC_WEAK = YES;
				CLANG_WARN_BLOCK_CAPTURE_AUTORELEASING = YES;
				CLANG_WARN_BOOL_CONVERSION = YES;
				CLANG_WARN_COMMA = YES;
				CLANG_WARN_CONSTANT_CONVERSION = YES;
				CLANG_WARN_DEPRECATED_OBJC_IMPLEMENTATIONS = YES;
				CLANG_WARN_DIRECT_OBJC_ISA_USAGE = YES_ERROR;
				CLANG_WARN_DOCUMENTATION_COMMENTS = YES;
				CLANG_WARN_EMPTY_BODY = YES;
				CLANG_WARN_ENUM_CONVERSION = YES;
				CLANG_WARN_INFINITE_RECURSION = YES;
				CLANG_WARN_INT_CONVERSION = YES;
				CLANG_WARN_NON_LITERAL_NULL_CONVERSION = YES;
				CLANG_WARN_OBJC_IMPLICIT_RETAIN_SELF = YES;
				CLANG_WARN_OBJC_LITERAL_CONVERSION = YES;
				CLANG_WARN_OBJC_ROOT_CLASS = YES_ERROR;
				CLANG_WARN_QUOTED_INCLUDE_IN_FRAMEWORK_HEADER = YES;
				CLANG_WARN_RANGE_LOOP_ANALYSIS = YES;
				CLANG_WARN_STRICT_PROTOTYPES = YES;
				CLANG_WARN_SUSPICIOUS_MOVE = YES;
				CLANG_WARN_UNGUARDED_AVAILABILITY = YES_AGGRESSIVE;
				CLANG_WARN_UNREACHABLE_CODE = YES;
				CLANG_WARN__DUPLICATE_METHOD_MATCH = YES;
				COPY_PHASE_STRIP = NO;
				DEBUG_INFORMATION_FORMAT = dwarf;
				ENABLE_STRICT_OBJC_MSGSEND = YES;
				ENABLE_TESTABILITY = YES;
				GCC_C_LANGUAGE_STANDARD = gnu11;
				GCC_DYNAMIC_NO_PIC = NO;
				GCC_NO_COMMON_BLOCKS = YES;
				GCC_OPTIMIZATION_LEVEL = 0;
				GCC_PREPROCESSOR_DEFINITIONS = (
					"DEBUG=1",
					"$(inherited)",
				);
				GCC_WARN_64_TO_32_BIT_CONVERSION = YES;
				GCC_WARN_ABOUT_RETURN_TYPE = YES_ERROR;
				GCC_WARN_UNDECLARED_SELECTOR = YES;
				GCC_WARN_UNINITIALIZED_AUTOS = YES_AGGRESSIVE;
				GCC_WARN_UNUSED_FUNCTION = YES;
				GCC_WARN_UNUSED_VARIABLE = YES;
				MACOSX_DEPLOYMENT_TARGET = 13.3;
				MTL_ENABLE_DEBUG_INFO = INCLUDE_SOURCE;
				MTL_FAST_MATH = YES;
				ONLY_ACTIVE_ARCH = YES;
				SDKROOT = macosx;
			};
			name = Debug;
		};
		7E4DB1EE2A59E5850047132A /* Release */ = {
			isa = XCBuildConfiguration;
			buildSettings = {
				ALWAYS_SEARCH_USER_PATHS = NO;
				CLANG_ANALYZER_NONNULL = YES;
				CLANG_ANALYZER_NUMBER_OBJECT_CONVERSION = YES_AGGRESSIVE;
				CLANG_CXX_LANGUAGE_STANDARD = "gnu++20";
				CLANG_ENABLE_MODULES = YES;
				CLANG_ENABLE_OBJC_ARC = YES;
				CLANG_ENABLE_OBJC_WEAK = YES;
				CLANG_WARN_BLOCK_CAPTURE_AUTORELEASING = YES;
				CLANG_WARN_BOOL_CONVERSION = YES;
				CLANG_WARN_COMMA = YES;
				CLANG_WARN_CONSTANT_CONVERSION = YES;
				CLANG_WARN_DEPRECATED_OBJC_IMPLEMENTATIONS = YES;
				CLANG_WARN_DIRECT_OBJC_ISA_USAGE = YES_ERROR;
				CLANG_WARN_DOCUMENTATION_COMMENTS = YES;
				CLANG_WARN_EMPTY_BODY = YES;
				CLANG_WARN_ENUM_CONVERSION = YES;
				CLANG_WARN_INFINITE_RECURSION = YES;
				CLANG_WARN_INT_CONVERSION = YES;
				CLANG_WARN_NON_LITERAL_NULL_CONVERSION = YES;
				CLANG_WARN_OBJC_IMPLICIT_RETAIN_SELF = YES;
				CLANG_WARN_OBJC_LITERAL_CONVERSION = YES;
				CLANG_WARN_OBJC_ROOT_CLASS = YES_ERROR;
				CLANG_WARN_QUOTED_INCLUDE_IN_FRAMEWORK_HEADER = YES;
				CLANG_WARN_RANGE_LOOP_ANALYSIS = YES;
				CLANG_WARN_STRICT_PROTOTYPES = YES;
				CLANG_WARN_SUSPICIOUS_MOVE = YES;
				CLANG_WARN_UNGUARDED_AVAILABILITY = YES_AGGRESSIVE;
				CLANG_WARN_UNREACHABLE_CODE = YES;
				CLANG_WARN__DUPLICATE_METHOD_MATCH = YES;
				COPY_PHASE_STRIP = NO;
				DEBUG_INFORMATION_FORMAT = "dwarf-with-dsym";
				ENABLE_NS_ASSERTIONS = NO;
				ENABLE_STRICT_OBJC_MSGSEND = YES;
				GCC_C_LANGUAGE_STANDARD = gnu11;
				GCC_NO_COMMON_BLOCKS = YES;
				GCC_WARN_64_TO_32_BIT_CONVERSION = YES;
				GCC_WARN_ABOUT_RETURN_TYPE = YES_ERROR;
				GCC_WARN_UNDECLARED_SELECTOR = YES;
				GCC_WARN_UNINITIALIZED_AUTOS = YES_AGGRESSIVE;
				GCC_WARN_UNUSED_FUNCTION = YES;
				GCC_WARN_UNUSED_VARIABLE = YES;
				MACOSX_DEPLOYMENT_TARGET = 13.3;
				MTL_ENABLE_DEBUG_INFO = NO;
				MTL_FAST_MATH = YES;
				SDKROOT = macosx;
			};
			name = Release;
		};
		7E4DB1F02A59E5850047132A /* Debug */ = {
			isa = XCBuildConfiguration;
			buildSettings = {
				CODE_SIGN_STYLE = Automatic;
				HEADER_SEARCH_PATHS = /opt/homebrew/include;
				LIBRARY_SEARCH_PATHS = /opt/homebrew/lib;
				OTHER_LDFLAGS = (
					"-lassimp",
					"-lglew",
					"-lSDL2_image",
					"-lSDL2",
				);
				PRODUCT_NAME = "$(TARGET_NAME)";
			};
			name = Debug;
		};
		7E4DB1F12A59E5850047132A /* Release */ = {
			isa = XCBuildConfiguration;
			buildSettings = {
				CODE_SIGN_STYLE = Automatic;
				HEADER_SEARCH_PATHS = /opt/homebrew/include;
				LIBRARY_SEARCH_PATHS = /opt/homebrew/lib;
				OTHER_LDFLAGS = (
					"-lassimp",
					"-lglew",
					"-lSDL2_image",
					"-lSDL2",
				);
				PRODUCT_NAME = "$(TARGET_NAME)";
			};
			name = Release;
		};
/* End XCBuildConfiguration section */

/* Begin XCConfigurationList section */
		7E4DB1E32A59E5850047132A /* Build configuration list for PBXProject "prj_luna" */ = {
			isa = XCConfigurationList;
			buildConfigurations = (
				7E4DB1ED2A59E5850047132A /* Debug */,
				7E4DB1EE2A59E5850047132A /* Release */,
			);
			defaultConfigurationIsVisible = 0;
			defaultConfigurationName = Release;
		};
		7E4DB1EF2A59E5850047132A /* Build configuration list for PBXNativeTarget "prj_luna" */ = {
			isa = XCConfigurationList;
			buildConfigurations = (
				7E4DB1F02A59E5850047132A /* Debug */,
				7E4DB1F12A59E5850047132A /* Release */,
			);
			defaultConfigurationIsVisible = 0;
			defaultConfigurationName = Release;
		};
/* End XCConfigurationList section */
	};
	rootObject = 7E4DB1E02A59E5850047132A /* Project object */;
}
